
Microsoft Visual Studio Solution File, Format Version 12.00
# Visual Studio 15
Project("{FAE04EC0-301F-11D3-BF4B-00C04F79EFBC}") = "Assembly-CSharp", "Assembly-CSharp.csproj", "{CE86C03E-05B5-B07C-E92B-1231C17BE816}"
EndProject
Project("{FAE04EC0-301F-11D3-BF4B-00C04F79EFBC}") = "Assembly-CSharp-Editor", "Assembly-CSharp-Editor.csproj", "{19E47D53-A375-B621-0401-17BD88F2D6A7}"
EndProject
Global
	GlobalSection(SolutionConfigurationPlatforms) = preSolution
		Debug|Any CPU = Debug|Any CPU
		Release|Any CPU = Release|Any CPU
	EndGlobalSection
	GlobalSection(ProjectConfigurationPlatforms) = postSolution
		{CE86C03E-05B5-B07C-E92B-1231C17BE816}.Debug|Any CPU.ActiveCfg = Debug|Any CPU
		{CE86C03E-05B5-B07C-E92B-1231C17BE816}.Debug|Any CPU.Build.0 = Debug|Any CPU
		{CE86C03E-05B5-B07C-E92B-1231C17BE816}.Release|Any CPU.ActiveCfg = Release|Any CPU
		{CE86C03E-05B5-B07C-E92B-1231C17BE816}.Release|Any CPU.Build.0 = Release|Any CPU
		{19E47D53-A375-B621-0401-17BD88F2D6A7}.Debug|Any CPU.ActiveCfg = Debug|Any CPU
		{19E47D53-A375-B621-0401-17BD88F2D6A7}.Debug|Any CPU.Build.0 = Debug|Any CPU
		{19E47D53-A375-B621-0401-17BD88F2D6A7}.Release|Any CPU.ActiveCfg = Release|Any CPU
		{19E47D53-A375-B621-0401-17BD88F2D6A7}.Release|Any CPU.Build.0 = Release|Any CPU
	EndGlobalSection
	GlobalSection(SolutionProperties) = preSolution
		HideSolutionNode = FALSE
	EndGlobalSection
EndGlobal
